
Microsoft Visual Studio Solution File, Format Version 12.00
# Visual Studio 15
VisualStudioVersion = 15.0.28010.2019
MinimumVisualStudioVersion = 10.0.40219.1
Project("{8BC9CEB8-8B4A-11D0-8D11-00A0C91BC942}") = "Timberman", "Timberman\Timberman.vcxproj", "{38F6A634-2F84-43C6-BF56-C60921BCDB9C}"
EndProject
Global
	GlobalSection(SolutionConfigurationPlatforms) = preSolution
		Debug|x64 = Debug|x64
		Debug|x86 = Debug|x86
		Release|x64 = Release|x64
		Release|x86 = Release|x86
	EndGlobalSection
	GlobalSection(ProjectConfigurationPlatforms) = postSolution
		{38F6A634-2F84-43C6-BF56-C60921BCDB9C}.Debug|x64.ActiveCfg = Debug|x64
		{38F6A634-2F84-43C6-BF56-C60921BCDB9C}.Debug|x64.Build.0 = Debug|x64
		{38F6A634-2F84-43C6-BF56-C60921BCDB9C}.Debug|x86.ActiveCfg = Debug|Win32
		{38F6A634-2F84-43C6-BF56-C60921BCDB9C}.Debug|x86.Build.0 = Debug|Win32
		{38F6A634-2F84-43C6-BF56-C60921BCDB9C}.Release|x64.ActiveCfg = Release|x64
		{38F6A634-2F84-43C6-BF56-C60921BCDB9C}.Release|x64.Build.0 = Release|x64
		{38F6A634-2F84-43C6-BF56-C60921BCDB9C}.Release|x86.ActiveCfg = Release|Win32
		{38F6A634-2F84-43C6-BF56-C60921BCDB9C}.Release|x86.Build.0 = Release|Win32
	EndGlobalSection
	GlobalSection(SolutionProperties) = preSolution
		HideSolutionNode = FALSE
	EndGlobalSection
	GlobalSection(ExtensibilityGlobals) = postSolution
		SolutionGuid = {E4634BE8-513C-46F4-84F5-720047AA295E}
	EndGlobalSection
EndGlobal
